// !$*UTF8*$!
{
	archiveVersion = 1;
	classes = {
	};
	objectVersion = 50;
	objects = {

/* Begin PBXBuildFile section */
		26BB6C2222A9ACC30040F234 /* AppDelegate.swift in Sources */ = {isa = PBXBuildFile; fileRef = 26BB6C2122A9ACC30040F234 /* AppDelegate.swift */; };
		26BB6C2422A9ACC30040F234 /* ViewController.swift in Sources */ = {isa = PBXBuildFile; fileRef = 26BB6C2322A9ACC30040F234 /* ViewController.swift */; };
		26BB6C2722A9ACC30040F234 /* Main.storyboard in Resources */ = {isa = PBXBuildFile; fileRef = 26BB6C2522A9ACC30040F234 /* Main.storyboard */; };
		26BB6C2922A9ACC50040F234 /* Assets.xcassets in Resources */ = {isa = PBXBuildFile; fileRef = 26BB6C2822A9ACC50040F234 /* Assets.xcassets */; };
		26BB6C2C22A9ACC50040F234 /* LaunchScreen.storyboard in Resources */ = {isa = PBXBuildFile; fileRef = 26BB6C2A22A9ACC50040F234 /* LaunchScreen.storyboard */; };
		794C708A34AB18A8E7A356FD /* Pods_ClickingRace.framework in Frameworks */ = {isa = PBXBuildFile; fileRef = A468975E0987BC4C9A339B49 /* Pods_ClickingRace.framework */; };
/* End PBXBuildFile section */

/* Begin PBXFileReference section */
		26BB6C1E22A9ACC30040F234 /* ClickingRace.app */ = {isa = PBXFileReference; explicitFileType = wrapper.application; includeInIndex = 0; path = ClickingRace.app; sourceTree = BUILT_PRODUCTS_DIR; };
		26BB6C2122A9ACC30040F234 /* AppDelegate.swift */ = {isa = PBXFileReference; lastKnownFileType = sourcecode.swift; path = AppDelegate.swift; sourceTree = "<group>"; };
		26BB6C2322A9ACC30040F234 /* ViewController.swift */ = {isa = PBXFileReference; lastKnownFileType = sourcecode.swift; path = ViewController.swift; sourceTree = "<group>"; };
		26BB6C2622A9ACC30040F234 /* Base */ = {isa = PBXFileReference; lastKnownFileType = file.storyboard; name = Base; path = Base.lproj/Main.storyboard; sourceTree = "<group>"; };
		26BB6C2822A9ACC50040F234 /* Assets.xcassets */ = {isa = PBXFileReference; lastKnownFileType = folder.assetcatalog; path = Assets.xcassets; sourceTree = "<group>"; };
		26BB6C2B22A9ACC50040F234 /* Base */ = {isa = PBXFileReference; lastKnownFileType = file.storyboard; name = Base; path = Base.lproj/LaunchScreen.storyboard; sourceTree = "<group>"; };
		26BB6C2D22A9ACC50040F234 /* Info.plist */ = {isa = PBXFileReference; lastKnownFileType = text.plist.xml; path = Info.plist; sourceTree = "<group>"; };
		A468975E0987BC4C9A339B49 /* Pods_ClickingRace.framework */ = {isa = PBXFileReference; explicitFileType = wrapper.framework; includeInIndex = 0; path = Pods_ClickingRace.framework; sourceTree = BUILT_PRODUCTS_DIR; };
		EA00B3887354D34606214DF9 /* Pods-ClickingRace.debug.xcconfig */ = {isa = PBXFileReference; includeInIndex = 1; lastKnownFileType = text.xcconfig; name = "Pods-ClickingRace.debug.xcconfig"; path = "Target Support Files/Pods-ClickingRace/Pods-ClickingRace.debug.xcconfig"; sourceTree = "<group>"; };
		EF49379801750D02F0265C05 /* Pods-ClickingRace.release.xcconfig */ = {isa = PBXFileReference; includeInIndex = 1; lastKnownFileType = text.xcconfig; name = "Pods-ClickingRace.release.xcconfig"; path = "Target Support Files/Pods-ClickingRace/Pods-ClickingRace.release.xcconfig"; sourceTree = "<group>"; };
/* End PBXFileReference section */

/* Begin PBXFrameworksBuildPhase section */
		26BB6C1B22A9ACC30040F234 /* Frameworks */ = {
			isa = PBXFrameworksBuildPhase;
			buildActionMask = 2147483647;
			files = (
				794C708A34AB18A8E7A356FD /* Pods_ClickingRace.framework in Frameworks */,
			);
			runOnlyForDeploymentPostprocessing = 0;
		};
/* End PBXFrameworksBuildPhase section */

/* Begin PBXGroup section */
		26BB6C1522A9ACC30040F234 = {
			isa = PBXGroup;
			children = (
				26BB6C2022A9ACC30040F234 /* ClickingRace */,
				26BB6C1F22A9ACC30040F234 /* Products */,
				8731284AF01B6BD8074EEE6C /* Pods */,
				F745EEC11E0B964EF769B564 /* Frameworks */,
			);
			sourceTree = "<group>";
		};
		26BB6C1F22A9ACC30040F234 /* Products */ = {
			isa = PBXGroup;
			children = (
				26BB6C1E22A9ACC30040F234 /* ClickingRace.app */,
			);
			name = Products;
			sourceTree = "<group>";
		};
		26BB6C2022A9ACC30040F234 /* ClickingRace */ = {
			isa = PBXGroup;
			children = (
				26BB6C2122A9ACC30040F234 /* AppDelegate.swift */,
				26BB6C2322A9ACC30040F234 /* ViewController.swift */,
				26BB6C2522A9ACC30040F234 /* Main.storyboard */,
				26BB6C2822A9ACC50040F234 /* Assets.xcassets */,
				26BB6C2A22A9ACC50040F234 /* LaunchScreen.storyboard */,
				26BB6C2D22A9ACC50040F234 /* Info.plist */,
			);
			path = ClickingRace;
			sourceTree = "<group>";
		};
		8731284AF01B6BD8074EEE6C /* Pods */ = {
			isa = PBXGroup;
			children = (
				EA00B3887354D34606214DF9 /* Pods-ClickingRace.debug.xcconfig */,
				EF49379801750D02F0265C05 /* Pods-ClickingRace.release.xcconfig */,
			);
			name = Pods;
			path = Pods;
			sourceTree = "<group>";
		};
		F745EEC11E0B964EF769B564 /* Frameworks */ = {
			isa = PBXGroup;
			children = (
				A468975E0987BC4C9A339B49 /* Pods_ClickingRace.framework */,
			);
			name = Frameworks;
			sourceTree = "<group>";
		};
/* End PBXGroup section */

/* Begin PBXNativeTarget section */
		26BB6C1D22A9ACC30040F234 /* ClickingRace */ = {
			isa = PBXNativeTarget;
			buildConfigurationList = 26BB6C3022A9ACC50040F234 /* Build configuration list for PBXNativeTarget "ClickingRace" */;
			buildPhases = (
				DDD666A4BAFFC685B3560CFA /* [CP] Check Pods Manifest.lock */,
				26BB6C1A22A9ACC30040F234 /* Sources */,
				26BB6C1B22A9ACC30040F234 /* Frameworks */,
				26BB6C1C22A9ACC30040F234 /* Resources */,
				087657DB4ACC57CE59FC2BEB /* [CP] Embed Pods Frameworks */,
			);
			buildRules = (
			);
			dependencies = (
			);
			name = ClickingRace;
			productName = ClickingRace;
			productReference = 26BB6C1E22A9ACC30040F234 /* ClickingRace.app */;
			productType = "com.apple.product-type.application";
		};
/* End PBXNativeTarget section */

/* Begin PBXProject section */
		26BB6C1622A9ACC30040F234 /* Project object */ = {
			isa = PBXProject;
			attributes = {
				LastSwiftUpdateCheck = 1010;
				LastUpgradeCheck = 1010;
				ORGANIZATIONNAME = Phidgets;
				TargetAttributes = {
					26BB6C1D22A9ACC30040F234 = {
						CreatedOnToolsVersion = 10.1;
					};
				};
			};
			buildConfigurationList = 26BB6C1922A9ACC30040F234 /* Build configuration list for PBXProject "ClickingRace" */;
			compatibilityVersion = "Xcode 9.3";
			developmentRegion = en;
			hasScannedForEncodings = 0;
			knownRegions = (
				en,
				Base,
			);
			mainGroup = 26BB6C1522A9ACC30040F234;
			productRefGroup = 26BB6C1F22A9ACC30040F234 /* Products */;
			projectDirPath = "";
			projectRoot = "";
			targets = (
				26BB6C1D22A9ACC30040F234 /* ClickingRace */,
			);
		};
/* End PBXProject section */

/* Begin PBXResourcesBuildPhase section */
		26BB6C1C22A9ACC30040F234 /* Resources */ = {
			isa = PBXResourcesBuildPhase;
			buildActionMask = 2147483647;
			files = (
				26BB6C2C22A9ACC50040F234 /* LaunchScreen.storyboard in Resources */,
				26BB6C2922A9ACC50040F234 /* Assets.xcassets in Resources */,
				26BB6C2722A9ACC30040F234 /* Main.storyboard in Resources */,
			);
			runOnlyForDeploymentPostprocessing = 0;
		};
/* End PBXResourcesBuildPhase section */

/* Begin PBXShellScriptBuildPhase section */
		087657DB4ACC57CE59FC2BEB /* [CP] Embed Pods Frameworks */ = {
			isa = PBXShellScriptBuildPhase;
			buildActionMask = 2147483647;
			files = (
			);
			inputFileListPaths = (
				"${PODS_ROOT}/Target Support Files/Pods-ClickingRace/Pods-ClickingRace-frameworks-${CONFIGURATION}-input-files.xcfilelist",
			);
			name = "[CP] Embed Pods Frameworks";
			outputFileListPaths = (
				"${PODS_ROOT}/Target Support Files/Pods-ClickingRace/Pods-ClickingRace-frameworks-${CONFIGURATION}-output-files.xcfilelist",
			);
			runOnlyForDeploymentPostprocessing = 0;
			shellPath = /bin/sh;
			shellScript = "\"${PODS_ROOT}/Target Support Files/Pods-ClickingRace/Pods-ClickingRace-frameworks.sh\"\n";
			showEnvVarsInLog = 0;
		};
		DDD666A4BAFFC685B3560CFA /* [CP] Check Pods Manifest.lock */ = {
			isa = PBXShellScriptBuildPhase;
			buildActionMask = 2147483647;
			files = (
			);
			inputFileListPaths = (
			);
			inputPaths = (
				"${PODS_PODFILE_DIR_PATH}/Podfile.lock",
				"${PODS_ROOT}/Manifest.lock",
			);
			name = "[CP] Check Pods Manifest.lock";
			outputFileListPaths = (
			);
			outputPaths = (
				"$(DERIVED_FILE_DIR)/Pods-ClickingRace-checkManifestLockResult.txt",
			);
			runOnlyForDeploymentPostprocessing = 0;
			shellPath = /bin/sh;
			shellScript = "diff \"${PODS_PODFILE_DIR_PATH}/Podfile.lock\" \"${PODS_ROOT}/Manifest.lock\" > /dev/null\nif [ $? != 0 ] ; then\n    # print error to STDERR\n    echo \"error: The sandbox is not in sync with the Podfile.lock. Run 'pod install' or update your CocoaPods installation.\" >&2\n    exit 1\nfi\n# This output is used by Xcode 'outputs' to avoid re-running this script phase.\necho \"SUCCESS\" > \"${SCRIPT_OUTPUT_FILE_0}\"\n";
			showEnvVarsInLog = 0;
		};
/* End PBXShellScriptBuildPhase section */

/* Begin PBXSourcesBuildPhase section */
		26BB6C1A22A9ACC30040F234 /* Sources */ = {
			isa = PBXSourcesBuildPhase;
			buildActionMask = 2147483647;
			files = (
				26BB6C2422A9ACC30040F234 /* ViewController.swift in Sources */,
				26BB6C2222A9ACC30040F234 /* AppDelegate.swift in Sources */,
			);
			runOnlyForDeploymentPostprocessing = 0;
		};
/* End PBXSourcesBuildPhase section */

/* Begin PBXVariantGroup section */
		26BB6C2522A9ACC30040F234 /* Main.storyboard */ = {
			isa = PBXVariantGroup;
			children = (
				26BB6C2622A9ACC30040F234 /* Base */,
			);
			name = Main.storyboard;
			sourceTree = "<group>";
		};
		26BB6C2A22A9ACC50040F234 /* LaunchScreen.storyboard */ = {
			isa = PBXVariantGroup;
			children = (
				26BB6C2B22A9ACC50040F234 /* Base */,
			);
			name = LaunchScreen.storyboard;
			sourceTree = "<group>";
		};
/* End PBXVariantGroup section */

/* Begin XCBuildConfiguration section */
		26BB6C2E22A9ACC50040F234 /* Debug */ = {
			isa = XCBuildConfiguration;
			buildSettings = {
				ALWAYS_SEARCH_USER_PATHS = NO;
				CLANG_ANALYZER_NONNULL = YES;
				CLANG_ANALYZER_NUMBER_OBJECT_CONVERSION = YES_AGGRESSIVE;
				CLANG_CXX_LANGUAGE_STANDARD = "gnu++14";
				CLANG_CXX_LIBRARY = "libc++";
				CLANG_ENABLE_MODULES = YES;
				CLANG_ENABLE_OBJC_ARC = YES;
				CLANG_ENABLE_OBJC_WEAK = YES;
				CLANG_WARN_BLOCK_CAPTURE_AUTORELEASING = YES;
				CLANG_WARN_BOOL_CONVERSION = YES;
				CLANG_WARN_COMMA = YES;
				CLANG_WARN_CONSTANT_CONVERSION = YES;
				CLANG_WARN_DEPRECATED_OBJC_IMPLEMENTATIONS = YES;
				CLANG_WARN_DIRECT_OBJC_ISA_USAGE = YES_ERROR;
				CLANG_WARN_DOCUMENTATION_COMMENTS = YES;
				CLANG_WARN_EMPTY_BODY = YES;
				CLANG_WARN_ENUM_CONVERSION = YES;
				CLANG_WARN_INFINITE_RECURSION = YES;
				CLANG_WARN_INT_CONVERSION = YES;
				CLANG_WARN_NON_LITERAL_NULL_CONVERSION = YES;
				CLANG_WARN_OBJC_IMPLICIT_RETAIN_SELF = YES;
				CLANG_WARN_OBJC_LITERAL_CONVERSION = YES;
				CLANG_WARN_OBJC_ROOT_CLASS = YES_ERROR;
				CLANG_WARN_RANGE_LOOP_ANALYSIS = YES;
				CLANG_WARN_STRICT_PROTOTYPES = YES;
				CLANG_WARN_SUSPICIOUS_MOVE = YES;
				CLANG_WARN_UNGUARDED_AVAILABILITY = YES_AGGRESSIVE;
				CLANG_WARN_UNREACHABLE_CODE = YES;
				CLANG_WARN__DUPLICATE_METHOD_MATCH = YES;
				CODE_SIGN_IDENTITY = "iPhone Developer";
				COPY_PHASE_STRIP = NO;
				DEBUG_INFORMATION_FORMAT = dwarf;
				ENABLE_STRICT_OBJC_MSGSEND = YES;
				ENABLE_TESTABILITY = YES;
				GCC_C_LANGUAGE_STANDARD = gnu11;
				GCC_DYNAMIC_NO_PIC = NO;
				GCC_NO_COMMON_BLOCKS = YES;
				GCC_OPTIMIZATION_LEVEL = 0;
				GCC_PREPROCESSOR_DEFINITIONS = (
					"DEBUG=1",
					"$(inherited)",
				);
				GCC_WARN_64_TO_32_BIT_CONVERSION = YES;
				GCC_WARN_ABOUT_RETURN_TYPE = YES_ERROR;
				GCC_WARN_UNDECLARED_SELECTOR = YES;
				GCC_WARN_UNINITIALIZED_AUTOS = YES_AGGRESSIVE;
				GCC_WARN_UNUSED_FUNCTION = YES;
				GCC_WARN_UNUSED_VARIABLE = YES;
				IPHONEOS_DEPLOYMENT_TARGET = 12.1;
				MTL_ENABLE_DEBUG_INFO = INCLUDE_SOURCE;
				MTL_FAST_MATH = YES;
				ONLY_ACTIVE_ARCH = YES;
				SDKROOT = iphoneos;
				SWIFT_ACTIVE_COMPILATION_CONDITIONS = DEBUG;
				SWIFT_OPTIMIZATION_LEVEL = "-Onone";
			};
			name = Debug;
		};
		26BB6C2F22A9ACC50040F234 /* Release */ = {
			isa = XCBuildConfiguration;
			buildSettings = {
				ALWAYS_SEARCH_USER_PATHS = NO;
				CLANG_ANALYZER_NONNULL = YES;
				CLANG_ANALYZER_NUMBER_OBJECT_CONVERSION = YES_AGGRESSIVE;
				CLANG_CXX_LANGUAGE_STANDARD = "gnu++14";
				CLANG_CXX_LIBRARY = "libc++";
				CLANG_ENABLE_MODULES = YES;
				CLANG_ENABLE_OBJC_ARC = YES;
				CLANG_ENABLE_OBJC_WEAK = YES;
				CLANG_WARN_BLOCK_CAPTURE_AUTORELEASING = YES;
				CLANG_WARN_BOOL_CONVERSION = YES;
				CLANG_WARN_COMMA = YES;
				CLANG_WARN_CONSTANT_CONVERSION = YES;
				CLANG_WARN_DEPRECATED_OBJC_IMPLEMENTATIONS = YES;
				CLANG_WARN_DIRECT_OBJC_ISA_USAGE = YES_ERROR;
				CLANG_WARN_DOCUMENTATION_COMMENTS = YES;
				CLANG_WARN_EMPTY_BODY = YES;
				CLANG_WARN_ENUM_CONVERSION = YES;
				CLANG_WARN_INFINITE_RECURSION = YES;
				CLANG_WARN_INT_CONVERSION = YES;
				CLANG_WARN_NON_LITERAL_NULL_CONVERSION = YES;
				CLANG_WARN_OBJC_IMPLICIT_RETAIN_SELF = YES;
				CLANG_WARN_OBJC_LITERAL_CONVERSION = YES;
				CLANG_WARN_OBJC_ROOT_CLASS = YES_ERROR;
				CLANG_WARN_RANGE_LOOP_ANALYSIS = YES;
				CLANG_WARN_STRICT_PROTOTYPES = YES;
				CLANG_WARN_SUSPICIOUS_MOVE = YES;
				CLANG_WARN_UNGUARDED_AVAILABILITY = YES_AGGRESSIVE;
				CLANG_WARN_UNREACHABLE_CODE = YES;
				CLANG_WARN__DUPLICATE_METHOD_MATCH = YES;
				CODE_SIGN_IDENTITY = "iPhone Developer";
				COPY_PHASE_STRIP = NO;
				DEBUG_INFORMATION_FORMAT = "dwarf-with-dsym";
				ENABLE_NS_ASSERTIONS = NO;
				ENABLE_STRICT_OBJC_MSGSEND = YES;
				GCC_C_LANGUAGE_STANDARD = gnu11;
				GCC_NO_COMMON_BLOCKS = YES;
				GCC_WARN_64_TO_32_BIT_CONVERSION = YES;
				GCC_WARN_ABOUT_RETURN_TYPE = YES_ERROR;
				GCC_WARN_UNDECLARED_SELECTOR = YES;
				GCC_WARN_UNINITIALIZED_AUTOS = YES_AGGRESSIVE;
				GCC_WARN_UNUSED_FUNCTION = YES;
				GCC_WARN_UNUSED_VARIABLE = YES;
				IPHONEOS_DEPLOYMENT_TARGET = 12.1;
				MTL_ENABLE_DEBUG_INFO = NO;
				MTL_FAST_MATH = YES;
				SDKROOT = iphoneos;
				SWIFT_COMPILATION_MODE = wholemodule;
				SWIFT_OPTIMIZATION_LEVEL = "-O";
				VALIDATE_PRODUCT = YES;
			};
			name = Release;
		};
		26BB6C3122A9ACC50040F234 /* Debug */ = {
			isa = XCBuildConfiguration;
			baseConfigurationReference = EA00B3887354D34606214DF9 /* Pods-ClickingRace.debug.xcconfig */;
			buildSettings = {
				ASSETCATALOG_COMPILER_APPICON_NAME = AppIcon;
				CODE_SIGN_STYLE = Automatic;
				INFOPLIST_FILE = ClickingRace/Info.plist;
				LD_RUNPATH_SEARCH_PATHS = (
					"$(inherited)",
					"@executable_path/Frameworks",
				);
				PRODUCT_BUNDLE_IDENTIFIER = Phidgets.ClickingRace;
				PRODUCT_NAME = "$(TARGET_NAME)";
				SWIFT_VERSION = 4.2;
				TARGETED_DEVICE_FAMILY = "1,2";
			};
			name = Debug;
		};
		26BB6C3222A9ACC50040F234 /* Release */ = {
			isa = XCBuildConfiguration;
			baseConfigurationReference = EF49379801750D02F0265C05 /* Pods-ClickingRace.release.xcconfig */;
			buildSettings = {
				ASSETCATALOG_COMPILER_APPICON_NAME = AppIcon;
				CODE_SIGN_STYLE = Automatic;
				INFOPLIST_FILE = ClickingRace/Info.plist;
				LD_RUNPATH_SEARCH_PATHS = (
					"$(inherited)",
					"@executable_path/Frameworks",
				);
				PRODUCT_BUNDLE_IDENTIFIER = Phidgets.ClickingRace;
				PRODUCT_NAME = "$(TARGET_NAME)";
				SWIFT_VERSION = 4.2;
				TARGETED_DEVICE_FAMILY = "1,2";
			};
			name = Release;
		};
/* End XCBuildConfiguration section */

/* Begin XCConfigurationList section */
		26BB6C1922A9ACC30040F234 /* Build configuration list for PBXProject "ClickingRace" */ = {
			isa = XCConfigurationList;
			buildConfigurations = (
				26BB6C2E22A9ACC50040F234 /* Debug */,
				26BB6C2F22A9ACC50040F234 /* Release */,
			);
			defaultConfigurationIsVisible = 0;
			defaultConfigurationName = Release;
		};
		26BB6C3022A9ACC50040F234 /* Build configuration list for PBXNativeTarget "ClickingRace" */ = {
			isa = XCConfigurationList;
			buildConfigurations = (
				26BB6C3122A9ACC50040F234 /* Debug */,
				26BB6C3222A9ACC50040F234 /* Release */,
			);
			defaultConfigurationIsVisible = 0;
			defaultConfigurationName = Release;
		};
/* End XCConfigurationList section */
	};
	rootObject = 26BB6C1622A9ACC30040F234 /* Project object */;
}
